
Microsoft Visual Studio Solution File, Format Version 12.00
# Visual Studio Version 17
VisualStudioVersion = 17.14.36616.10 d17.14
MinimumVisualStudioVersion = 10.0.40219.1
Project("{888888A0-9F3D-457C-B088-3A5042F75D52}") = "Asset Management System", "Asset Management System\Asset Management System.pyproj", "{AE8A2E63-38E2-4EFC-8FD6-BFE58B03DA1E}"
EndProject
Global
	GlobalSection(SolutionConfigurationPlatforms) = preSolution
		Debug|Any CPU = Debug|Any CPU
		Release|Any CPU = Release|Any CPU
	EndGlobalSection
	GlobalSection(ProjectConfigurationPlatforms) = postSolution
		{AE8A2E63-38E2-4EFC-8FD6-BFE58B03DA1E}.Debug|Any CPU.ActiveCfg = Debug|Any CPU
		{AE8A2E63-38E2-4EFC-8FD6-BFE58B03DA1E}.Release|Any CPU.ActiveCfg = Release|Any CPU
	EndGlobalSection
	GlobalSection(SolutionProperties) = preSolution
		HideSolutionNode = FALSE
	EndGlobalSection
	GlobalSection(ExtensibilityGlobals) = postSolution
		SolutionGuid = {A9740857-1FEE-45ED-BC36-0190338F65DB}
	EndGlobalSection
EndGlobal
